
Microsoft Visual Studio Solution File, Format Version 12.00
# Visual Studio 15
VisualStudioVersion = 15.0.28307.572
MinimumVisualStudioVersion = 10.0.40219.1
Project("{FAE04EC0-301F-11D3-BF4B-00C04F79EFBC}") = "SpaceShooter", "SpaceShooter\SpaceShooter.csproj", "{0CEC566F-4A54-4CBD-88EA-00D39C3174EA}"
EndProject
Project("{FAE04EC0-301F-11D3-BF4B-00C04F79EFBC}") = "SpaceShooterLogic", "SpaceShooterLogic\SpaceShooterLogic.csproj", "{A76CC27F-A50D-413A-A263-422B412302C9}"
EndProject
Project("{FAE04EC0-301F-11D3-BF4B-00C04F79EFBC}") = "SpaceShooterUtilities", "SpaceShooterUtilities\SpaceShooterUtilities.csproj", "{473B293B-05E8-4E9F-ACC6-49257BF4F258}"
EndProject
Project("{FAE04EC0-301F-11D3-BF4B-00C04F79EFBC}") = "GuiControls", "GuiControls\GuiControls.csproj", "{66F72420-0179-40F6-BD39-AAE0ED6926A6}"
EndProject
Project("{FAE04EC0-301F-11D3-BF4B-00C04F79EFBC}") = "AnimationLibrary", "AnimationLibrary\AnimationLibrary.csproj", "{D6526AF1-1701-4E6E-9123-CD06F33565C9}"
EndProject
Global
	GlobalSection(SolutionConfigurationPlatforms) = preSolution
		Debug|Any CPU = Debug|Any CPU
		Release|Any CPU = Release|Any CPU
	EndGlobalSection
	GlobalSection(ProjectConfigurationPlatforms) = postSolution
		{0CEC566F-4A54-4CBD-88EA-00D39C3174EA}.Debug|Any CPU.ActiveCfg = Debug|Any CPU
		{0CEC566F-4A54-4CBD-88EA-00D39C3174EA}.Debug|Any CPU.Build.0 = Debug|Any CPU
		{0CEC566F-4A54-4CBD-88EA-00D39C3174EA}.Release|Any CPU.ActiveCfg = Release|Any CPU
		{0CEC566F-4A54-4CBD-88EA-00D39C3174EA}.Release|Any CPU.Build.0 = Release|Any CPU
		{A76CC27F-A50D-413A-A263-422B412302C9}.Debug|Any CPU.ActiveCfg = Debug|Any CPU
		{A76CC27F-A50D-413A-A263-422B412302C9}.Debug|Any CPU.Build.0 = Debug|Any CPU
		{A76CC27F-A50D-413A-A263-422B412302C9}.Release|Any CPU.ActiveCfg = Release|Any CPU
		{A76CC27F-A50D-413A-A263-422B412302C9}.Release|Any CPU.Build.0 = Release|Any CPU
		{473B293B-05E8-4E9F-ACC6-49257BF4F258}.Debug|Any CPU.ActiveCfg = Debug|Any CPU
		{473B293B-05E8-4E9F-ACC6-49257BF4F258}.Debug|Any CPU.Build.0 = Debug|Any CPU
		{473B293B-05E8-4E9F-ACC6-49257BF4F258}.Release|Any CPU.ActiveCfg = Release|Any CPU
		{473B293B-05E8-4E9F-ACC6-49257BF4F258}.Release|Any CPU.Build.0 = Release|Any CPU
		{66F72420-0179-40F6-BD39-AAE0ED6926A6}.Debug|Any CPU.ActiveCfg = Debug|Any CPU
		{66F72420-0179-40F6-BD39-AAE0ED6926A6}.Debug|Any CPU.Build.0 = Debug|Any CPU
		{66F72420-0179-40F6-BD39-AAE0ED6926A6}.Release|Any CPU.ActiveCfg = Release|Any CPU
		{66F72420-0179-40F6-BD39-AAE0ED6926A6}.Release|Any CPU.Build.0 = Release|Any CPU
		{D6526AF1-1701-4E6E-9123-CD06F33565C9}.Debug|Any CPU.ActiveCfg = Debug|Any CPU
		{D6526AF1-1701-4E6E-9123-CD06F33565C9}.Debug|Any CPU.Build.0 = Debug|Any CPU
		{D6526AF1-1701-4E6E-9123-CD06F33565C9}.Release|Any CPU.ActiveCfg = Release|Any CPU
		{D6526AF1-1701-4E6E-9123-CD06F33565C9}.Release|Any CPU.Build.0 = Release|Any CPU
	EndGlobalSection
	GlobalSection(SolutionProperties) = preSolution
		HideSolutionNode = FALSE
	EndGlobalSection
	GlobalSection(ExtensibilityGlobals) = postSolution
		SolutionGuid = {869075B5-E5D8-4DF9-BA9B-D4300DBBE5FE}
	EndGlobalSection
EndGlobal
